<?xml version="1.0" encoding="utf-8"?>
<Project ToolsVersion="4.0" xmlns="http://schemas.microsoft.com/developer/msbuild/2003">
  <ItemGroup>
    <Filter Include="Header Files">
      <UniqueIdentifier>{93995380-89BD-4b04-88EB-625FBE52EBFB}</UniqueIdentifier>
      <Extensions>h;hh;hpp;hxx;hm;inl;inc;ipp;xsd</Extensions>
    </Filter>
    <Filter Include="Resource Files">
      <UniqueIdentifier>{67DA6AB6-F800-4c08-8B7A-83BB121AAD01}</UniqueIdentifier>
      <Extensions>rc;ico;cur;bmp;dlg;rc2;rct;bin;rgs;gif;jpg;jpeg;jpe;resx;tiff;tif;png;wav;mfcribbon-ms</Extensions>
    </Filter>
    <Filter Include="Header Files\PSO">
      <UniqueIdentifier>{c7452331-60ae-4438-a285-0c7b36b8474a}</UniqueIdentifier>
    </Filter>
    <Filter Include="Header Files\SkinnedData">
      <UniqueIdentifier>{9602e862-3f23-4874-880d-d7ae618f48ae}</UniqueIdentifier>
    </Filter>
    <Filter Include="Source Files">
      <UniqueIdentifier>{4FC737F1-C7A5-4376-A066-2A32D752A2FF}</UniqueIdentifier>
      <Extensions>cpp;c;cc;cxx;def;odl;idl;hpj;bat;asm;asmx</Extensions>
    </Filter>
    <Filter Include="Source Files\PSO">
      <UniqueIdentifier>{e3fb9991-7638-458f-92b6-e9671bbded28}</UniqueIdentifier>
    </Filter>
    <Filter Include="Source Files\SkinnedData">
      <UniqueIdentifier>{5abcb026-0ef9-415a-a874-9b8db869c1be}</UniqueIdentifier>
    </Filter>
    <Filter Include="Resource Files\Shaders">
      <UniqueIdentifier>{18804083-f463-4006-9045-cf5dee808819}</UniqueIdentifier>
    </Filter>
    <Filter Include="Source Files\Render">
      <UniqueIdentifier>{4ecc54f8-abd9-4758-a245-05dad3293161}</UniqueIdentifier>
    </Filter>
    <Filter Include="Header Files\Render">
      <UniqueIdentifier>{5c8eb2d1-bbc9-401f-b2ae-8c2ac61395ff}</UniqueIdentifier>
    </Filter>
    <Filter Include="Source Files\Other">
      <UniqueIdentifier>{66075b4c-48ca-440b-aa12-fcdb806300af}</UniqueIdentifier>
    </Filter>
    <Filter Include="Header Files\Other">
      <UniqueIdentifier>{7198b0a2-3eaf-4ec0-9a52-f0d1038cef07}</UniqueIdentifier>
    </Filter>
  </ItemGroup>
  <ItemGroup>
    <ClCompile Include="PSOBaseLayer.cpp">
      <Filter>Source Files\PSO</Filter>
    </ClCompile>
    <ClCompile Include="BoneAnimation.cpp">
      <Filter>Source Files\SkinnedData</Filter>
    </ClCompile>
    <ClCompile Include="BoneData.cpp">
      <Filter>Source Files\SkinnedData</Filter>
    </ClCompile>
    <ClCompile Include="SkinnedData.cpp">
      <Filter>Source Files\SkinnedData</Filter>
    </ClCompile>
    <ClCompile Include="SkeletonManager.cpp">
      <Filter>Source Files\SkinnedData</Filter>
    </ClCompile>
    <ClCompile Include="PSOFinalRenderLayer.cpp">
      <Filter>Source Files\PSO</Filter>
    </ClCompile>
    <ClCompile Include="RenderBase.cpp">
      <Filter>Source Files\Render</Filter>
    </ClCompile>
    <ClCompile Include="RenderManager.cpp">
      <Filter>Source Files\Render</Filter>
    </ClCompile>
    <ClCompile Include="FinalRender.cpp">
      <Filter>Source Files\Render</Filter>
    </ClCompile>
    <ClCompile Include="DebugRender_Axis.cpp">
      <Filter>Source Files\Render</Filter>
    </ClCompile>
    <ClCompile Include="PSODebugLayer_Axis.cpp">
      <Filter>Source Files\PSO</Filter>
    </ClCompile>
    <ClCompile Include="DebugRender_Light.cpp">
      <Filter>Source Files\Render</Filter>
    </ClCompile>
    <ClCompile Include="PSODebugLayer_Light.cpp">
      <Filter>Source Files\PSO</Filter>
    </ClCompile>
    <ClCompile Include="DebugRender_Normals.cpp">
      <Filter>Source Files\Render</Filter>
    </ClCompile>
    <ClCompile Include="PSODebugLayer_Normals.cpp">
      <Filter>Source Files\PSO</Filter>
    </ClCompile>
    <ClCompile Include="ApplLogger.cpp">
      <Filter>Source Files\Other</Filter>
    </ClCompile>
    <ClCompile Include="BasicDXGI.cpp">
      <Filter>Source Files\Other</Filter>
    </ClCompile>
    <ClCompile Include="Camera.cpp">
      <Filter>Source Files\Other</Filter>
    </ClCompile>
    <ClCompile Include="Canvas.cpp">
      <Filter>Source Files\Other</Filter>
    </ClCompile>
    <ClCompile Include="TextureLoader\DDSTextureLoader.cpp">
      <Filter>Source Files\Other</Filter>
    </ClCompile>
    <ClCompile Include="TextureLoader\DirectXHelpers.cpp">
      <Filter>Source Files\Other</Filter>
    </ClCompile>
    <ClCompile Include="FBXFileLoader.cpp">
      <Filter>Source Files\Other</Filter>
    </ClCompile>
    <ClCompile Include="main.cpp">
      <Filter>Source Files\Other</Filter>
    </ClCompile>
    <ClCompile Include="ObjectManager.cpp">
      <Filter>Source Files\Other</Filter>
    </ClCompile>
    <ClCompile Include="ResourceManager.cpp">
      <Filter>Source Files\Other</Filter>
    </ClCompile>
    <ClCompile Include="TextureLoader\ResourceUploadBatch.cpp">
      <Filter>Source Files\Other</Filter>
    </ClCompile>
    <ClCompile Include="Scene.cpp">
      <Filter>Source Files\Other</Filter>
    </ClCompile>
    <ClCompile Include="TechDemo.cpp">
      <Filter>Source Files\Other</Filter>
    </ClCompile>
    <ClCompile Include="Timer.cpp">
      <Filter>Source Files\Other</Filter>
    </ClCompile>
    <ClCompile Include="Utilit3D.cpp">
      <Filter>Source Files\Other</Filter>
    </ClCompile>
    <ClCompile Include="SSAORender.cpp">
      <Filter>Source Files\Render</Filter>
    </ClCompile>
    <ClCompile Include="PSOSSAOLayer2.cpp">
      <Filter>Source Files\PSO</Filter>
    </ClCompile>
    <ClCompile Include="PSOSSAOLayer1.cpp">
      <Filter>Source Files\PSO</Filter>
    </ClCompile>
    <ClCompile Include="PSOBlurLayer.cpp">
      <Filter>Source Files\PSO</Filter>
    </ClCompile>
    <ClCompile Include="BlurRender.cpp">
      <Filter>Source Files\Render</Filter>
    </ClCompile>
    <ClCompile Include="DebugRender_Screen.cpp">
      <Filter>Source Files\Render</Filter>
    </ClCompile>
    <ClCompile Include="ShadowRender.cpp">
      <Filter>Source Files\Render</Filter>
    </ClCompile>
    <ClCompile Include="PSOShadowLayer.cpp">
      <Filter>Source Files\PSO</Filter>
    </ClCompile>
    <ClCompile Include="PSODebugLayer_Screen.cpp">
      <Filter>Source Files\PSO</Filter>
    </ClCompile>
    <ClCompile Include="Octree.cpp">
      <Filter>Source Files\Other</Filter>
    </ClCompile>
  </ItemGroup>
  <ItemGroup>
    <ClInclude Include="PSOBaseLayer.h">
      <Filter>Header Files\PSO</Filter>
    </ClInclude>
    <ClInclude Include="BoneAnimation.h">
      <Filter>Header Files\SkinnedData</Filter>
    </ClInclude>
    <ClInclude Include="BoneData.h">
      <Filter>Header Files\SkinnedData</Filter>
    </ClInclude>
    <ClInclude Include="SkinnedData.h">
      <Filter>Header Files\SkinnedData</Filter>
    </ClInclude>
    <ClInclude Include="SkeletonManager.h">
      <Filter>Header Files\SkinnedData</Filter>
    </ClInclude>
    <ClInclude Include="PSOFinalRenderLayer.h">
      <Filter>Header Files\PSO</Filter>
    </ClInclude>
    <ClInclude Include="RenderBase.h">
      <Filter>Header Files\Render</Filter>
    </ClInclude>
    <ClInclude Include="RenderManager.h">
      <Filter>Header Files\Render</Filter>
    </ClInclude>
    <ClInclude Include="FinalRender.h">
      <Filter>Header Files\Render</Filter>
    </ClInclude>
    <ClInclude Include="PSODebugLayer_Axis.h">
      <Filter>Header Files\PSO</Filter>
    </ClInclude>
    <ClInclude Include="DebugRender_Axis.h">
      <Filter>Header Files\Render</Filter>
    </ClInclude>
    <ClInclude Include="DebugRender_Light.h">
      <Filter>Header Files\Render</Filter>
    </ClInclude>
    <ClInclude Include="PSODebugLayer_Normals.h">
      <Filter>Header Files\PSO</Filter>
    </ClInclude>
    <ClInclude Include="PSODebugLayer_Light.h">
      <Filter>Header Files\PSO</Filter>
    </ClInclude>
    <ClInclude Include="DebugRender_Normals.h">
      <Filter>Header Files\Render</Filter>
    </ClInclude>
    <ClInclude Include="ApplDataStructures.h">
      <Filter>Header Files\Other</Filter>
    </ClInclude>
    <ClInclude Include="ApplException.h">
      <Filter>Header Files\Other</Filter>
    </ClInclude>
    <ClInclude Include="ApplLogger.h">
      <Filter>Header Files\Other</Filter>
    </ClInclude>
    <ClInclude Include="BasicDXGI.h">
      <Filter>Header Files\Other</Filter>
    </ClInclude>
    <ClInclude Include="Camera.h">
      <Filter>Header Files\Other</Filter>
    </ClInclude>
    <ClInclude Include="Canvas.h">
      <Filter>Header Files\Other</Filter>
    </ClInclude>
    <ClInclude Include="d3dx12.h">
      <Filter>Header Files\Other</Filter>
    </ClInclude>
    <ClInclude Include="TextureLoader\DDSTextureLoader.h">
      <Filter>Header Files\Other</Filter>
    </ClInclude>
    <ClInclude Include="Defines.h">
      <Filter>Header Files\Other</Filter>
    </ClInclude>
    <ClInclude Include="TextureLoader\DirectXHelpers.h">
      <Filter>Header Files\Other</Filter>
    </ClInclude>
    <ClInclude Include="FBXFileLoader.h">
      <Filter>Header Files\Other</Filter>
    </ClInclude>
    <ClInclude Include="FrameResourcesManager.h">
      <Filter>Header Files\Other</Filter>
    </ClInclude>
    <ClInclude Include="GraphicDataStructures.h">
      <Filter>Header Files\Other</Filter>
    </ClInclude>
    <ClInclude Include="MathHelper.h">
      <Filter>Header Files\Other</Filter>
    </ClInclude>
    <ClInclude Include="ObjectManager.h">
      <Filter>Header Files\Other</Filter>
    </ClInclude>
    <ClInclude Include="ResourceManager.h">
      <Filter>Header Files\Other</Filter>
    </ClInclude>
    <ClInclude Include="TextureLoader\ResourceUploadBatch.h">
      <Filter>Header Files\Other</Filter>
    </ClInclude>
    <ClInclude Include="Scene.h">
      <Filter>Header Files\Other</Filter>
    </ClInclude>
    <ClInclude Include="stdafx.h">
      <Filter>Header Files\Other</Filter>
    </ClInclude>
    <ClInclude Include="TechDemo.h">
      <Filter>Header Files\Other</Filter>
    </ClInclude>
    <ClInclude Include="Timer.h">
      <Filter>Header Files\Other</Filter>
    </ClInclude>
    <ClInclude Include="UploadBuffer.h">
      <Filter>Header Files\Other</Filter>
    </ClInclude>
    <ClInclude Include="Utilit3D.h">
      <Filter>Header Files\Other</Filter>
    </ClInclude>
    <ClInclude Include="SSAORender.h">
      <Filter>Header Files\Render</Filter>
    </ClInclude>
    <ClInclude Include="PSOSSAOLayer2.h">
      <Filter>Header Files\PSO</Filter>
    </ClInclude>
    <ClInclude Include="PSOSSAOLayer1.h">
      <Filter>Header Files\PSO</Filter>
    </ClInclude>
    <ClInclude Include="BlurRender.h">
      <Filter>Header Files\Render</Filter>
    </ClInclude>
    <ClInclude Include="PSOBlurLayer.h">
      <Filter>Header Files\PSO</Filter>
    </ClInclude>
    <ClInclude Include="DebugRender_Screen.h">
      <Filter>Header Files\Render</Filter>
    </ClInclude>
    <ClInclude Include="ShadowRender.h">
      <Filter>Header Files\Render</Filter>
    </ClInclude>
    <ClInclude Include="PSOShadowLayer.h">
      <Filter>Header Files\PSO</Filter>
    </ClInclude>
    <ClInclude Include="PSODebugLayer_Screen.h">
      <Filter>Header Files\PSO</Filter>
    </ClInclude>
    <ClInclude Include="Octree.h">
      <Filter>Header Files\Other</Filter>
    </ClInclude>
  </ItemGroup>
  <ItemGroup>
    <FxCompile Include="Shaders\commonPart.hlsl">
      <Filter>Resource Files\Shaders</Filter>
    </FxCompile>
    <FxCompile Include="Shaders\FinalRender_shaders.hlsl">
      <Filter>Resource Files\Shaders</Filter>
    </FxCompile>
    <FxCompile Include="Shaders\FinalRender_skinnedShaders.hlsl">
      <Filter>Resource Files\Shaders</Filter>
    </FxCompile>
    <FxCompile Include="Shaders\Lighting.hlsl">
      <Filter>Resource Files\Shaders</Filter>
    </FxCompile>
    <FxCompile Include="Shaders\RootSignature.hlsl">
      <Filter>Resource Files\Shaders</Filter>
    </FxCompile>
    <FxCompile Include="Shaders\SkinnedCommonPart.hlsl">
      <Filter>Resource Files\Shaders</Filter>
    </FxCompile>
    <FxCompile Include="Shaders\FinalRender_LOD_shaders.hlsl">
      <Filter>Resource Files\Shaders</Filter>
    </FxCompile>
    <FxCompile Include="Shaders\FinalRender_GH_shaders.hlsl">
      <Filter>Resource Files\Shaders</Filter>
    </FxCompile>
    <FxCompile Include="Shaders\FinalRender_SKY_shaders.hlsl">
      <Filter>Resource Files\Shaders</Filter>
    </FxCompile>
    <FxCompile Include="Shaders\DebugAxesRender_shaders.hlsl">
      <Filter>Resource Files\Shaders</Filter>
    </FxCompile>
    <FxCompile Include="Shaders\DebugLightRender_shaders.hlsl">
      <Filter>Resource Files\Shaders</Filter>
    </FxCompile>
    <FxCompile Include="Shaders\DebugNormalsRender_shaders.hlsl">
      <Filter>Resource Files\Shaders</Filter>
    </FxCompile>
    <FxCompile Include="Shaders\SSAORender_shaders2.hlsl">
      <Filter>Resource Files\Shaders</Filter>
    </FxCompile>
    <FxCompile Include="Shaders\SSAORender_shaders1.hlsl">
      <Filter>Resource Files\Shaders</Filter>
    </FxCompile>
    <FxCompile Include="Shaders\SSAORender_shaders1_skinned.hlsl">
      <Filter>Resource Files\Shaders</Filter>
    </FxCompile>
    <FxCompile Include="Shaders\RootSignature_Debug.hlsl">
      <Filter>Resource Files\Shaders</Filter>
    </FxCompile>
    <FxCompile Include="Shaders\RootSignature_SSAO.hlsl">
      <Filter>Resource Files\Shaders</Filter>
    </FxCompile>
    <FxCompile Include="Shaders\BlurRender_shaders.hlsl">
      <Filter>Resource Files\Shaders</Filter>
    </FxCompile>
    <FxCompile Include="Shaders\DebugScreenRender_shaders.hlsl">
      <Filter>Resource Files\Shaders</Filter>
    </FxCompile>
    <FxCompile Include="Shaders\ShadowRender_shaders_skinned.hlsl">
      <Filter>Resource Files\Shaders</Filter>
    </FxCompile>
    <FxCompile Include="Shaders\ShadowRender_shaders.hlsl">
      <Filter>Resource Files\Shaders</Filter>
    </FxCompile>
  </ItemGroup>
</Project>